
Microsoft Visual Studio Solution File, Format Version 12.00
# Visual Studio Version 16
VisualStudioVersion = 16.0.28729.10
MinimumVisualStudioVersion = 10.0.40219.1
Project("{FAE04EC0-301F-11D3-BF4B-00C04F79EFBC}") = "LearnEnglishByPic.Android", "LearnEnglishByPic\LearnEnglishByPic.Android\LearnEnglishByPic.Android.csproj", "{1369B960-ED2E-4D70-974C-7D8A53C0B345}"
EndProject
Project("{FAE04EC0-301F-11D3-BF4B-00C04F79EFBC}") = "LearnEnglishByPic", "LearnEnglishByPic\LearnEnglishByPic\LearnEnglishByPic.csproj", "{126D3706-8D51-44BE-8691-DC48566632A2}"
EndProject
Global
	GlobalSection(SolutionConfigurationPlatforms) = preSolution
		Debug|Any CPU = Debug|Any CPU
		Release|Any CPU = Release|Any CPU
	EndGlobalSection
	GlobalSection(ProjectConfigurationPlatforms) = postSolution
		{1369B960-ED2E-4D70-974C-7D8A53C0B345}.Debug|Any CPU.ActiveCfg = Debug|Any CPU
		{1369B960-ED2E-4D70-974C-7D8A53C0B345}.Debug|Any CPU.Build.0 = Debug|Any CPU
		{1369B960-ED2E-4D70-974C-7D8A53C0B345}.Debug|Any CPU.Deploy.0 = Debug|Any CPU
		{1369B960-ED2E-4D70-974C-7D8A53C0B345}.Release|Any CPU.ActiveCfg = Release|Any CPU
		{1369B960-ED2E-4D70-974C-7D8A53C0B345}.Release|Any CPU.Build.0 = Release|Any CPU
		{1369B960-ED2E-4D70-974C-7D8A53C0B345}.Release|Any CPU.Deploy.0 = Release|Any CPU
		{126D3706-8D51-44BE-8691-DC48566632A2}.Debug|Any CPU.ActiveCfg = Debug|Any CPU
		{126D3706-8D51-44BE-8691-DC48566632A2}.Debug|Any CPU.Build.0 = Debug|Any CPU
		{126D3706-8D51-44BE-8691-DC48566632A2}.Debug|Any CPU.Deploy.0 = Debug|Any CPU
		{126D3706-8D51-44BE-8691-DC48566632A2}.Release|Any CPU.ActiveCfg = Release|Any CPU
		{126D3706-8D51-44BE-8691-DC48566632A2}.Release|Any CPU.Build.0 = Release|Any CPU
		{126D3706-8D51-44BE-8691-DC48566632A2}.Release|Any CPU.Deploy.0 = Release|Any CPU
	EndGlobalSection
	GlobalSection(SolutionProperties) = preSolution
		HideSolutionNode = FALSE
	EndGlobalSection
	GlobalSection(ExtensibilityGlobals) = postSolution
		SolutionGuid = {DE5C1446-FC27-46E1-A29B-D4A148FADD42}
	EndGlobalSection
EndGlobal
